{
  "name": "phtographya1",
  "lockfileVersion": 3,
  "requires": true,
  "packages": {
    "": {
      "dependencies": {
        "use-bootstrap-tag": "^2.2.0"
      }
    },
    "node_modules/use-bootstrap-tag": {
      "version": "2.2.0",
      "resolved": "https://registry.npmjs.org/use-bootstrap-tag/-/use-bootstrap-tag-2.2.0.tgz",
      "integrity": "sha512-+guEW5WKa+VHEDpPpSUytK4pFONQ4KzJ+EkRwdrV9U6Hc1nF8QONq+7eDug3OX+s3cpJQnr5m+v6nqY3VswYCA=="
    }
  }
}
